
Microsoft Visual Studio Solution File, Format Version 12.00
# Visual Studio Version 17
VisualStudioVersion = 17.0.32014.148
MinimumVisualStudioVersion = 10.0.40219.1
Project("{FAE04EC0-301F-11D3-BF4B-00C04F79EFBC}") = "Primeiro", "Primeiro\Primeiro.csproj", "{DDB9FB2D-D448-4108-A297-8D2B8617AD25}"
EndProject
Global
	GlobalSection(SolutionConfigurationPlatforms) = preSolution
		Debug|Any CPU = Debug|Any CPU
		Release|Any CPU = Release|Any CPU
	EndGlobalSection
	GlobalSection(ProjectConfigurationPlatforms) = postSolution
		{DDB9FB2D-D448-4108-A297-8D2B8617AD25}.Debug|Any CPU.ActiveCfg = Debug|Any CPU
		{DDB9FB2D-D448-4108-A297-8D2B8617AD25}.Debug|Any CPU.Build.0 = Debug|Any CPU
		{DDB9FB2D-D448-4108-A297-8D2B8617AD25}.Release|Any CPU.ActiveCfg = Release|Any CPU
		{DDB9FB2D-D448-4108-A297-8D2B8617AD25}.Release|Any CPU.Build.0 = Release|Any CPU
	EndGlobalSection
	GlobalSection(SolutionProperties) = preSolution
		HideSolutionNode = FALSE
	EndGlobalSection
	GlobalSection(ExtensibilityGlobals) = postSolution
		SolutionGuid = {01ED2BF6-727C-4C1F-9518-0BF173B92C60}
	EndGlobalSection
EndGlobal
